// !$*UTF8*$!
{
	archiveVersion = 1;
	classes = {
	};
	objectVersion = 56;
	objects = {

/* Begin PBXBuildFile section */
		22721F332CFF992B001F3FF1 /* CombineMoya in Frameworks */ = {isa = PBXBuildFile; productRef = 22721F322CFF992B001F3FF1 /* CombineMoya */; };
		22721F352CFF992B001F3FF1 /* Moya in Frameworks */ = {isa = PBXBuildFile; productRef = 22721F342CFF992B001F3FF1 /* Moya */; };
		22721F372CFF992B001F3FF1 /* ReactiveMoya in Frameworks */ = {isa = PBXBuildFile; productRef = 22721F362CFF992B001F3FF1 /* ReactiveMoya */; };
		22721F392CFF992B001F3FF1 /* RxMoya in Frameworks */ = {isa = PBXBuildFile; productRef = 22721F382CFF992B001F3FF1 /* RxMoya */; };
		22721F3C2CFF9A56001F3FF1 /* MoyaService.swift in Sources */ = {isa = PBXBuildFile; fileRef = 22721F3B2CFF9A56001F3FF1 /* MoyaService.swift */; };
		22721F3E2CFF9A66001F3FF1 /* APIEndpoints.swift in Sources */ = {isa = PBXBuildFile; fileRef = 22721F3D2CFF9A66001F3FF1 /* APIEndpoints.swift */; };
		22721F402CFF9A80001F3FF1 /* NetworkManager.swift in Sources */ = {isa = PBXBuildFile; fileRef = 22721F3F2CFF9A80001F3FF1 /* NetworkManager.swift */; };
		22721F552CFF9E2B001F3FF1 /* CharacterResponse.swift in Sources */ = {isa = PBXBuildFile; fileRef = 22721F542CFF9E2B001F3FF1 /* CharacterResponse.swift */; };
		22721F572CFF9E91001F3FF1 /* CharacterListViewModel.swift in Sources */ = {isa = PBXBuildFile; fileRef = 22721F562CFF9E91001F3FF1 /* CharacterListViewModel.swift */; };
		22721F5D2CFF9FC6001F3FF1 /* CharacterService.swift in Sources */ = {isa = PBXBuildFile; fileRef = 22721F5C2CFF9FC6001F3FF1 /* CharacterService.swift */; };
		22721F662CFFA75D001F3FF1 /* AppCoordinator.swift in Sources */ = {isa = PBXBuildFile; fileRef = 22721F652CFFA75D001F3FF1 /* AppCoordinator.swift */; };
		22721F682CFFA7C3001F3FF1 /* CharacterCoordinator.swift in Sources */ = {isa = PBXBuildFile; fileRef = 22721F672CFFA7C3001F3FF1 /* CharacterCoordinator.swift */; };
		22721F6B2CFFA896001F3FF1 /* CharacterListViewController.xib in Resources */ = {isa = PBXBuildFile; fileRef = 22721F6A2CFFA896001F3FF1 /* CharacterListViewController.xib */; };
		22721F6C2CFFA896001F3FF1 /* CharacterListViewController.swift in Sources */ = {isa = PBXBuildFile; fileRef = 22721F692CFFA896001F3FF1 /* CharacterListViewController.swift */; };
		22721F6E2CFFAB87001F3FF1 /* FilterView.swift in Sources */ = {isa = PBXBuildFile; fileRef = 22721F6D2CFFAB87001F3FF1 /* FilterView.swift */; };
		22721F722CFFF58C001F3FF1 /* CharacterCard.swift in Sources */ = {isa = PBXBuildFile; fileRef = 22721F712CFFF58C001F3FF1 /* CharacterCard.swift */; };
		22721F742CFFFD7D001F3FF1 /* CharacterDetailsView.swift in Sources */ = {isa = PBXBuildFile; fileRef = 22721F732CFFFD7D001F3FF1 /* CharacterDetailsView.swift */; };
		22721F762CFFFD96001F3FF1 /* CharacterDetailsViewModel.swift in Sources */ = {isa = PBXBuildFile; fileRef = 22721F752CFFFD96001F3FF1 /* CharacterDetailsViewModel.swift */; };
		22721F782D00002C001F3FF1 /* DetailsCoordinator.swift in Sources */ = {isa = PBXBuildFile; fileRef = 22721F772D00002C001F3FF1 /* DetailsCoordinator.swift */; };
		22721F7B2D0106C6001F3FF1 /* Utilities.swift in Sources */ = {isa = PBXBuildFile; fileRef = 22721F7A2D0106C6001F3FF1 /* Utilities.swift */; };
		22F5CA9C2CFF94CE00EDE9A7 /* AppDelegate.swift in Sources */ = {isa = PBXBuildFile; fileRef = 22F5CA9B2CFF94CE00EDE9A7 /* AppDelegate.swift */; };
		22F5CA9E2CFF94CE00EDE9A7 /* SceneDelegate.swift in Sources */ = {isa = PBXBuildFile; fileRef = 22F5CA9D2CFF94CE00EDE9A7 /* SceneDelegate.swift */; };
		22F5CAA02CFF94CE00EDE9A7 /* ViewController.swift in Sources */ = {isa = PBXBuildFile; fileRef = 22F5CA9F2CFF94CE00EDE9A7 /* ViewController.swift */; };
		22F5CAA32CFF94CE00EDE9A7 /* Base in Resources */ = {isa = PBXBuildFile; fileRef = 22F5CAA22CFF94CE00EDE9A7 /* Base */; };
		22F5CAA52CFF94CF00EDE9A7 /* Assets.xcassets in Resources */ = {isa = PBXBuildFile; fileRef = 22F5CAA42CFF94CF00EDE9A7 /* Assets.xcassets */; };
		22F5CAA82CFF94CF00EDE9A7 /* Base in Resources */ = {isa = PBXBuildFile; fileRef = 22F5CAA72CFF94CF00EDE9A7 /* Base */; };
		22F5CAB32CFF94CF00EDE9A7 /* CharactersListAppTests.swift in Sources */ = {isa = PBXBuildFile; fileRef = 22F5CAB22CFF94CF00EDE9A7 /* CharactersListAppTests.swift */; };
		22F5CABD2CFF94CF00EDE9A7 /* CharactersListAppUITests.swift in Sources */ = {isa = PBXBuildFile; fileRef = 22F5CABC2CFF94CF00EDE9A7 /* CharactersListAppUITests.swift */; };
		22F5CABF2CFF94CF00EDE9A7 /* CharactersListAppUITestsLaunchTests.swift in Sources */ = {isa = PBXBuildFile; fileRef = 22F5CABE2CFF94CF00EDE9A7 /* CharactersListAppUITestsLaunchTests.swift */; };
/* End PBXBuildFile section */

/* Begin PBXContainerItemProxy section */
		22F5CAAF2CFF94CF00EDE9A7 /* PBXContainerItemProxy */ = {
			isa = PBXContainerItemProxy;
			containerPortal = 22F5CA902CFF94CE00EDE9A7 /* Project object */;
			proxyType = 1;
			remoteGlobalIDString = 22F5CA972CFF94CE00EDE9A7;
			remoteInfo = CharactersListApp;
		};
		22F5CAB92CFF94CF00EDE9A7 /* PBXContainerItemProxy */ = {
			isa = PBXContainerItemProxy;
			containerPortal = 22F5CA902CFF94CE00EDE9A7 /* Project object */;
			proxyType = 1;
			remoteGlobalIDString = 22F5CA972CFF94CE00EDE9A7;
			remoteInfo = CharactersListApp;
		};
/* End PBXContainerItemProxy section */

/* Begin PBXFileReference section */
		22721F3B2CFF9A56001F3FF1 /* MoyaService.swift */ = {isa = PBXFileReference; lastKnownFileType = sourcecode.swift; path = MoyaService.swift; sourceTree = "<group>"; };
		22721F3D2CFF9A66001F3FF1 /* APIEndpoints.swift */ = {isa = PBXFileReference; lastKnownFileType = sourcecode.swift; path = APIEndpoints.swift; sourceTree = "<group>"; };
		22721F3F2CFF9A80001F3FF1 /* NetworkManager.swift */ = {isa = PBXFileReference; lastKnownFileType = sourcecode.swift; path = NetworkManager.swift; sourceTree = "<group>"; };
		22721F542CFF9E2B001F3FF1 /* CharacterResponse.swift */ = {isa = PBXFileReference; lastKnownFileType = sourcecode.swift; path = CharacterResponse.swift; sourceTree = "<group>"; };
		22721F562CFF9E91001F3FF1 /* CharacterListViewModel.swift */ = {isa = PBXFileReference; lastKnownFileType = sourcecode.swift; path = CharacterListViewModel.swift; sourceTree = "<group>"; };
		22721F5C2CFF9FC6001F3FF1 /* CharacterService.swift */ = {isa = PBXFileReference; lastKnownFileType = sourcecode.swift; path = CharacterService.swift; sourceTree = "<group>"; };
		22721F652CFFA75D001F3FF1 /* AppCoordinator.swift */ = {isa = PBXFileReference; lastKnownFileType = sourcecode.swift; path = AppCoordinator.swift; sourceTree = "<group>"; };
		22721F672CFFA7C3001F3FF1 /* CharacterCoordinator.swift */ = {isa = PBXFileReference; lastKnownFileType = sourcecode.swift; path = CharacterCoordinator.swift; sourceTree = "<group>"; };
		22721F692CFFA896001F3FF1 /* CharacterListViewController.swift */ = {isa = PBXFileReference; lastKnownFileType = sourcecode.swift; path = CharacterListViewController.swift; sourceTree = "<group>"; };
		22721F6A2CFFA896001F3FF1 /* CharacterListViewController.xib */ = {isa = PBXFileReference; lastKnownFileType = file.xib; path = CharacterListViewController.xib; sourceTree = "<group>"; };
		22721F6D2CFFAB87001F3FF1 /* FilterView.swift */ = {isa = PBXFileReference; lastKnownFileType = sourcecode.swift; path = FilterView.swift; sourceTree = "<group>"; };
		22721F712CFFF58C001F3FF1 /* CharacterCard.swift */ = {isa = PBXFileReference; fileEncoding = 4; lastKnownFileType = sourcecode.swift; path = CharacterCard.swift; sourceTree = "<group>"; };
		22721F732CFFFD7D001F3FF1 /* CharacterDetailsView.swift */ = {isa = PBXFileReference; lastKnownFileType = sourcecode.swift; path = CharacterDetailsView.swift; sourceTree = "<group>"; };
		22721F752CFFFD96001F3FF1 /* CharacterDetailsViewModel.swift */ = {isa = PBXFileReference; lastKnownFileType = sourcecode.swift; path = CharacterDetailsViewModel.swift; sourceTree = "<group>"; };
		22721F772D00002C001F3FF1 /* DetailsCoordinator.swift */ = {isa = PBXFileReference; lastKnownFileType = sourcecode.swift; path = DetailsCoordinator.swift; sourceTree = "<group>"; };
		22721F7A2D0106C6001F3FF1 /* Utilities.swift */ = {isa = PBXFileReference; lastKnownFileType = sourcecode.swift; path = Utilities.swift; sourceTree = "<group>"; };
		22F5CA982CFF94CE00EDE9A7 /* CharactersListApp.app */ = {isa = PBXFileReference; explicitFileType = wrapper.application; includeInIndex = 0; path = CharactersListApp.app; sourceTree = BUILT_PRODUCTS_DIR; };
		22F5CA9B2CFF94CE00EDE9A7 /* AppDelegate.swift */ = {isa = PBXFileReference; lastKnownFileType = sourcecode.swift; path = AppDelegate.swift; sourceTree = "<group>"; };
		22F5CA9D2CFF94CE00EDE9A7 /* SceneDelegate.swift */ = {isa = PBXFileReference; lastKnownFileType = sourcecode.swift; path = SceneDelegate.swift; sourceTree = "<group>"; };
		22F5CA9F2CFF94CE00EDE9A7 /* ViewController.swift */ = {isa = PBXFileReference; lastKnownFileType = sourcecode.swift; path = ViewController.swift; sourceTree = "<group>"; };
		22F5CAA22CFF94CE00EDE9A7 /* Base */ = {isa = PBXFileReference; lastKnownFileType = file.storyboard; name = Base; path = Base.lproj/Main.storyboard; sourceTree = "<group>"; };
		22F5CAA42CFF94CF00EDE9A7 /* Assets.xcassets */ = {isa = PBXFileReference; lastKnownFileType = folder.assetcatalog; path = Assets.xcassets; sourceTree = "<group>"; };
		22F5CAA72CFF94CF00EDE9A7 /* Base */ = {isa = PBXFileReference; lastKnownFileType = file.storyboard; name = Base; path = Base.lproj/LaunchScreen.storyboard; sourceTree = "<group>"; };
		22F5CAA92CFF94CF00EDE9A7 /* Info.plist */ = {isa = PBXFileReference; lastKnownFileType = text.plist.xml; path = Info.plist; sourceTree = "<group>"; };
		22F5CAAE2CFF94CF00EDE9A7 /* CharactersListAppTests.xctest */ = {isa = PBXFileReference; explicitFileType = wrapper.cfbundle; includeInIndex = 0; path = CharactersListAppTests.xctest; sourceTree = BUILT_PRODUCTS_DIR; };
		22F5CAB22CFF94CF00EDE9A7 /* CharactersListAppTests.swift */ = {isa = PBXFileReference; lastKnownFileType = sourcecode.swift; path = CharactersListAppTests.swift; sourceTree = "<group>"; };
		22F5CAB82CFF94CF00EDE9A7 /* CharactersListAppUITests.xctest */ = {isa = PBXFileReference; explicitFileType = wrapper.cfbundle; includeInIndex = 0; path = CharactersListAppUITests.xctest; sourceTree = BUILT_PRODUCTS_DIR; };
		22F5CABC2CFF94CF00EDE9A7 /* CharactersListAppUITests.swift */ = {isa = PBXFileReference; lastKnownFileType = sourcecode.swift; path = CharactersListAppUITests.swift; sourceTree = "<group>"; };
		22F5CABE2CFF94CF00EDE9A7 /* CharactersListAppUITestsLaunchTests.swift */ = {isa = PBXFileReference; lastKnownFileType = sourcecode.swift; path = CharactersListAppUITestsLaunchTests.swift; sourceTree = "<group>"; };
/* End PBXFileReference section */

/* Begin PBXFrameworksBuildPhase section */
		22F5CA952CFF94CE00EDE9A7 /* Frameworks */ = {
			isa = PBXFrameworksBuildPhase;
			buildActionMask = 2147483647;
			files = (
				22721F352CFF992B001F3FF1 /* Moya in Frameworks */,
				22721F332CFF992B001F3FF1 /* CombineMoya in Frameworks */,
				22721F392CFF992B001F3FF1 /* RxMoya in Frameworks */,
				22721F372CFF992B001F3FF1 /* ReactiveMoya in Frameworks */,
			);
			runOnlyForDeploymentPostprocessing = 0;
		};
		22F5CAAB2CFF94CF00EDE9A7 /* Frameworks */ = {
			isa = PBXFrameworksBuildPhase;
			buildActionMask = 2147483647;
			files = (
			);
			runOnlyForDeploymentPostprocessing = 0;
		};
		22F5CAB52CFF94CF00EDE9A7 /* Frameworks */ = {
			isa = PBXFrameworksBuildPhase;
			buildActionMask = 2147483647;
			files = (
			);
			runOnlyForDeploymentPostprocessing = 0;
		};
/* End PBXFrameworksBuildPhase section */

/* Begin PBXGroup section */
		22721F3A2CFF99FB001F3FF1 /* Networking */ = {
			isa = PBXGroup;
			children = (
				22721F3B2CFF9A56001F3FF1 /* MoyaService.swift */,
				22721F3D2CFF9A66001F3FF1 /* APIEndpoints.swift */,
				22721F3F2CFF9A80001F3FF1 /* NetworkManager.swift */,
			);
			path = Networking;
			sourceTree = "<group>";
		};
		22721F412CFF9B3A001F3FF1 /* Characterslist */ = {
			isa = PBXGroup;
			children = (
				22721F452CFF9C53001F3FF1 /* Views */,
				22721F542CFF9E2B001F3FF1 /* CharacterResponse.swift */,
				22721F562CFF9E91001F3FF1 /* CharacterListViewModel.swift */,
				22721F672CFFA7C3001F3FF1 /* CharacterCoordinator.swift */,
			);
			path = Characterslist;
			sourceTree = "<group>";
		};
		22721F422CFF9B56001F3FF1 /* CharacterDetails */ = {
			isa = PBXGroup;
			children = (
				22721F732CFFFD7D001F3FF1 /* CharacterDetailsView.swift */,
				22721F752CFFFD96001F3FF1 /* CharacterDetailsViewModel.swift */,
				22721F772D00002C001F3FF1 /* DetailsCoordinator.swift */,
			);
			path = CharacterDetails;
			sourceTree = "<group>";
		};
		22721F432CFF9B7B001F3FF1 /* App */ = {
			isa = PBXGroup;
			children = (
				22F5CA9B2CFF94CE00EDE9A7 /* AppDelegate.swift */,
				22F5CA9D2CFF94CE00EDE9A7 /* SceneDelegate.swift */,
				22721F652CFFA75D001F3FF1 /* AppCoordinator.swift */,
			);
			path = App;
			sourceTree = "<group>";
		};
		22721F442CFF9BFB001F3FF1 /* Resources */ = {
			isa = PBXGroup;
			children = (
				22F5CAA42CFF94CF00EDE9A7 /* Assets.xcassets */,
			);
			path = Resources;
			sourceTree = "<group>";
		};
		22721F452CFF9C53001F3FF1 /* Views */ = {
			isa = PBXGroup;
			children = (
				22721F602CFFA5D7001F3FF1 /* Cells */,
				22721F692CFFA896001F3FF1 /* CharacterListViewController.swift */,
				22721F6A2CFFA896001F3FF1 /* CharacterListViewController.xib */,
				22721F6D2CFFAB87001F3FF1 /* FilterView.swift */,
			);
			path = Views;
			sourceTree = "<group>";
		};
		22721F5B2CFF9FB3001F3FF1 /* Services */ = {
			isa = PBXGroup;
			children = (
				22721F5C2CFF9FC6001F3FF1 /* CharacterService.swift */,
			);
			path = Services;
			sourceTree = "<group>";
		};
		22721F602CFFA5D7001F3FF1 /* Cells */ = {
			isa = PBXGroup;
			children = (
				22721F712CFFF58C001F3FF1 /* CharacterCard.swift */,
			);
			path = Cells;
			sourceTree = "<group>";
		};
		22721F792D0106AF001F3FF1 /* Utilities */ = {
			isa = PBXGroup;
			children = (
				22721F7A2D0106C6001F3FF1 /* Utilities.swift */,
			);
			path = Utilities;
			sourceTree = "<group>";
		};
		22F5CA8F2CFF94CE00EDE9A7 = {
			isa = PBXGroup;
			children = (
				22F5CA9A2CFF94CE00EDE9A7 /* CharactersListApp */,
				22F5CAB12CFF94CF00EDE9A7 /* CharactersListAppTests */,
				22F5CABB2CFF94CF00EDE9A7 /* CharactersListAppUITests */,
				22F5CA992CFF94CE00EDE9A7 /* Products */,
			);
			sourceTree = "<group>";
		};
		22F5CA992CFF94CE00EDE9A7 /* Products */ = {
			isa = PBXGroup;
			children = (
				22F5CA982CFF94CE00EDE9A7 /* CharactersListApp.app */,
				22F5CAAE2CFF94CF00EDE9A7 /* CharactersListAppTests.xctest */,
				22F5CAB82CFF94CF00EDE9A7 /* CharactersListAppUITests.xctest */,
			);
			name = Products;
			sourceTree = "<group>";
		};
		22F5CA9A2CFF94CE00EDE9A7 /* CharactersListApp */ = {
			isa = PBXGroup;
			children = (
				22721F792D0106AF001F3FF1 /* Utilities */,
				22721F5B2CFF9FB3001F3FF1 /* Services */,
				22721F442CFF9BFB001F3FF1 /* Resources */,
				22721F432CFF9B7B001F3FF1 /* App */,
				22721F422CFF9B56001F3FF1 /* CharacterDetails */,
				22721F412CFF9B3A001F3FF1 /* Characterslist */,
				22721F3A2CFF99FB001F3FF1 /* Networking */,
				22F5CA9F2CFF94CE00EDE9A7 /* ViewController.swift */,
				22F5CAA12CFF94CE00EDE9A7 /* Main.storyboard */,
				22F5CAA62CFF94CF00EDE9A7 /* LaunchScreen.storyboard */,
				22F5CAA92CFF94CF00EDE9A7 /* Info.plist */,
			);
			path = CharactersListApp;
			sourceTree = "<group>";
		};
		22F5CAB12CFF94CF00EDE9A7 /* CharactersListAppTests */ = {
			isa = PBXGroup;
			children = (
				22F5CAB22CFF94CF00EDE9A7 /* CharactersListAppTests.swift */,
			);
			path = CharactersListAppTests;
			sourceTree = "<group>";
		};
		22F5CABB2CFF94CF00EDE9A7 /* CharactersListAppUITests */ = {
			isa = PBXGroup;
			children = (
				22F5CABC2CFF94CF00EDE9A7 /* CharactersListAppUITests.swift */,
				22F5CABE2CFF94CF00EDE9A7 /* CharactersListAppUITestsLaunchTests.swift */,
			);
			path = CharactersListAppUITests;
			sourceTree = "<group>";
		};
/* End PBXGroup section */

/* Begin PBXNativeTarget section */
		22F5CA972CFF94CE00EDE9A7 /* CharactersListApp */ = {
			isa = PBXNativeTarget;
			buildConfigurationList = 22F5CAC22CFF94CF00EDE9A7 /* Build configuration list for PBXNativeTarget "CharactersListApp" */;
			buildPhases = (
				22F5CA942CFF94CE00EDE9A7 /* Sources */,
				22F5CA952CFF94CE00EDE9A7 /* Frameworks */,
				22F5CA962CFF94CE00EDE9A7 /* Resources */,
			);
			buildRules = (
			);
			dependencies = (
			);
			name = CharactersListApp;
			packageProductDependencies = (
				22721F322CFF992B001F3FF1 /* CombineMoya */,
				22721F342CFF992B001F3FF1 /* Moya */,
				22721F362CFF992B001F3FF1 /* ReactiveMoya */,
				22721F382CFF992B001F3FF1 /* RxMoya */,
			);
			productName = CharactersListApp;
			productReference = 22F5CA982CFF94CE00EDE9A7 /* CharactersListApp.app */;
			productType = "com.apple.product-type.application";
		};
		22F5CAAD2CFF94CF00EDE9A7 /* CharactersListAppTests */ = {
			isa = PBXNativeTarget;
			buildConfigurationList = 22F5CAC52CFF94CF00EDE9A7 /* Build configuration list for PBXNativeTarget "CharactersListAppTests" */;
			buildPhases = (
				22F5CAAA2CFF94CF00EDE9A7 /* Sources */,
				22F5CAAB2CFF94CF00EDE9A7 /* Frameworks */,
				22F5CAAC2CFF94CF00EDE9A7 /* Resources */,
			);
			buildRules = (
			);
			dependencies = (
				22F5CAB02CFF94CF00EDE9A7 /* PBXTargetDependency */,
			);
			name = CharactersListAppTests;
			productName = CharactersListAppTests;
			productReference = 22F5CAAE2CFF94CF00EDE9A7 /* CharactersListAppTests.xctest */;
			productType = "com.apple.product-type.bundle.unit-test";
		};
		22F5CAB72CFF94CF00EDE9A7 /* CharactersListAppUITests */ = {
			isa = PBXNativeTarget;
			buildConfigurationList = 22F5CAC82CFF94CF00EDE9A7 /* Build configuration list for PBXNativeTarget "CharactersListAppUITests" */;
			buildPhases = (
				22F5CAB42CFF94CF00EDE9A7 /* Sources */,
				22F5CAB52CFF94CF00EDE9A7 /* Frameworks */,
				22F5CAB62CFF94CF00EDE9A7 /* Resources */,
			);
			buildRules = (
			);
			dependencies = (
				22F5CABA2CFF94CF00EDE9A7 /* PBXTargetDependency */,
			);
			name = CharactersListAppUITests;
			productName = CharactersListAppUITests;
			productReference = 22F5CAB82CFF94CF00EDE9A7 /* CharactersListAppUITests.xctest */;
			productType = "com.apple.product-type.bundle.ui-testing";
		};
/* End PBXNativeTarget section */

/* Begin PBXProject section */
		22F5CA902CFF94CE00EDE9A7 /* Project object */ = {
			isa = PBXProject;
			attributes = {
				BuildIndependentTargetsInParallel = 1;
				LastSwiftUpdateCheck = 1540;
				LastUpgradeCheck = 1540;
				TargetAttributes = {
					22F5CA972CFF94CE00EDE9A7 = {
						CreatedOnToolsVersion = 15.4;
					};
					22F5CAAD2CFF94CF00EDE9A7 = {
						CreatedOnToolsVersion = 15.4;
						TestTargetID = 22F5CA972CFF94CE00EDE9A7;
					};
					22F5CAB72CFF94CF00EDE9A7 = {
						CreatedOnToolsVersion = 15.4;
						TestTargetID = 22F5CA972CFF94CE00EDE9A7;
					};
				};
			};
			buildConfigurationList = 22F5CA932CFF94CE00EDE9A7 /* Build configuration list for PBXProject "CharactersListApp" */;
			compatibilityVersion = "Xcode 14.0";
			developmentRegion = en;
			hasScannedForEncodings = 0;
			knownRegions = (
				en,
				Base,
			);
			mainGroup = 22F5CA8F2CFF94CE00EDE9A7;
			packageReferences = (
				22721F312CFF992B001F3FF1 /* XCRemoteSwiftPackageReference "Moya" */,
			);
			productRefGroup = 22F5CA992CFF94CE00EDE9A7 /* Products */;
			projectDirPath = "";
			projectRoot = "";
			targets = (
				22F5CA972CFF94CE00EDE9A7 /* CharactersListApp */,
				22F5CAAD2CFF94CF00EDE9A7 /* CharactersListAppTests */,
				22F5CAB72CFF94CF00EDE9A7 /* CharactersListAppUITests */,
			);
		};
/* End PBXProject section */

/* Begin PBXResourcesBuildPhase section */
		22F5CA962CFF94CE00EDE9A7 /* Resources */ = {
			isa = PBXResourcesBuildPhase;
			buildActionMask = 2147483647;
			files = (
				22721F6B2CFFA896001F3FF1 /* CharacterListViewController.xib in Resources */,
				22F5CAA52CFF94CF00EDE9A7 /* Assets.xcassets in Resources */,
				22F5CAA82CFF94CF00EDE9A7 /* Base in Resources */,
				22F5CAA32CFF94CE00EDE9A7 /* Base in Resources */,
			);
			runOnlyForDeploymentPostprocessing = 0;
		};
		22F5CAAC2CFF94CF00EDE9A7 /* Resources */ = {
			isa = PBXResourcesBuildPhase;
			buildActionMask = 2147483647;
			files = (
			);
			runOnlyForDeploymentPostprocessing = 0;
		};
		22F5CAB62CFF94CF00EDE9A7 /* Resources */ = {
			isa = PBXResourcesBuildPhase;
			buildActionMask = 2147483647;
			files = (
			);
			runOnlyForDeploymentPostprocessing = 0;
		};
/* End PBXResourcesBuildPhase section */

/* Begin PBXSourcesBuildPhase section */
		22F5CA942CFF94CE00EDE9A7 /* Sources */ = {
			isa = PBXSourcesBuildPhase;
			buildActionMask = 2147483647;
			files = (
				22721F6E2CFFAB87001F3FF1 /* FilterView.swift in Sources */,
				22721F662CFFA75D001F3FF1 /* AppCoordinator.swift in Sources */,
				22721F402CFF9A80001F3FF1 /* NetworkManager.swift in Sources */,
				22721F682CFFA7C3001F3FF1 /* CharacterCoordinator.swift in Sources */,
				22721F3E2CFF9A66001F3FF1 /* APIEndpoints.swift in Sources */,
				22721F552CFF9E2B001F3FF1 /* CharacterResponse.swift in Sources */,
				22721F7B2D0106C6001F3FF1 /* Utilities.swift in Sources */,
				22721F782D00002C001F3FF1 /* DetailsCoordinator.swift in Sources */,
				22F5CAA02CFF94CE00EDE9A7 /* ViewController.swift in Sources */,
				22721F722CFFF58C001F3FF1 /* CharacterCard.swift in Sources */,
				22721F742CFFFD7D001F3FF1 /* CharacterDetailsView.swift in Sources */,
				22721F762CFFFD96001F3FF1 /* CharacterDetailsViewModel.swift in Sources */,
				22721F572CFF9E91001F3FF1 /* CharacterListViewModel.swift in Sources */,
				22F5CA9C2CFF94CE00EDE9A7 /* AppDelegate.swift in Sources */,
				22721F6C2CFFA896001F3FF1 /* CharacterListViewController.swift in Sources */,
				22721F5D2CFF9FC6001F3FF1 /* CharacterService.swift in Sources */,
				22F5CA9E2CFF94CE00EDE9A7 /* SceneDelegate.swift in Sources */,
				22721F3C2CFF9A56001F3FF1 /* MoyaService.swift in Sources */,
			);
			runOnlyForDeploymentPostprocessing = 0;
		};
		22F5CAAA2CFF94CF00EDE9A7 /* Sources */ = {
			isa = PBXSourcesBuildPhase;
			buildActionMask = 2147483647;
			files = (
				22F5CAB32CFF94CF00EDE9A7 /* CharactersListAppTests.swift in Sources */,
			);
			runOnlyForDeploymentPostprocessing = 0;
		};
		22F5CAB42CFF94CF00EDE9A7 /* Sources */ = {
			isa = PBXSourcesBuildPhase;
			buildActionMask = 2147483647;
			files = (
				22F5CABF2CFF94CF00EDE9A7 /* CharactersListAppUITestsLaunchTests.swift in Sources */,
				22F5CABD2CFF94CF00EDE9A7 /* CharactersListAppUITests.swift in Sources */,
			);
			runOnlyForDeploymentPostprocessing = 0;
		};
/* End PBXSourcesBuildPhase section */

/* Begin PBXTargetDependency section */
		22F5CAB02CFF94CF00EDE9A7 /* PBXTargetDependency */ = {
			isa = PBXTargetDependency;
			target = 22F5CA972CFF94CE00EDE9A7 /* CharactersListApp */;
			targetProxy = 22F5CAAF2CFF94CF00EDE9A7 /* PBXContainerItemProxy */;
		};
		22F5CABA2CFF94CF00EDE9A7 /* PBXTargetDependency */ = {
			isa = PBXTargetDependency;
			target = 22F5CA972CFF94CE00EDE9A7 /* CharactersListApp */;
			targetProxy = 22F5CAB92CFF94CF00EDE9A7 /* PBXContainerItemProxy */;
		};
/* End PBXTargetDependency section */

/* Begin PBXVariantGroup section */
		22F5CAA12CFF94CE00EDE9A7 /* Main.storyboard */ = {
			isa = PBXVariantGroup;
			children = (
				22F5CAA22CFF94CE00EDE9A7 /* Base */,
			);
			name = Main.storyboard;
			sourceTree = "<group>";
		};
		22F5CAA62CFF94CF00EDE9A7 /* LaunchScreen.storyboard */ = {
			isa = PBXVariantGroup;
			children = (
				22F5CAA72CFF94CF00EDE9A7 /* Base */,
			);
			name = LaunchScreen.storyboard;
			sourceTree = "<group>";
		};
/* End PBXVariantGroup section */

/* Begin XCBuildConfiguration section */
		22F5CAC02CFF94CF00EDE9A7 /* Debug */ = {
			isa = XCBuildConfiguration;
			buildSettings = {
				ALWAYS_SEARCH_USER_PATHS = NO;
				ASSETCATALOG_COMPILER_GENERATE_SWIFT_ASSET_SYMBOL_EXTENSIONS = YES;
				CLANG_ANALYZER_NONNULL = YES;
				CLANG_ANALYZER_NUMBER_OBJECT_CONVERSION = YES_AGGRESSIVE;
				CLANG_CXX_LANGUAGE_STANDARD = "gnu++20";
				CLANG_ENABLE_MODULES = YES;
				CLANG_ENABLE_OBJC_ARC = YES;
				CLANG_ENABLE_OBJC_WEAK = YES;
				CLANG_WARN_BLOCK_CAPTURE_AUTORELEASING = YES;
				CLANG_WARN_BOOL_CONVERSION = YES;
				CLANG_WARN_COMMA = YES;
				CLANG_WARN_CONSTANT_CONVERSION = YES;
				CLANG_WARN_DEPRECATED_OBJC_IMPLEMENTATIONS = YES;
				CLANG_WARN_DIRECT_OBJC_ISA_USAGE = YES_ERROR;
				CLANG_WARN_DOCUMENTATION_COMMENTS = YES;
				CLANG_WARN_EMPTY_BODY = YES;
				CLANG_WARN_ENUM_CONVERSION = YES;
				CLANG_WARN_INFINITE_RECURSION = YES;
				CLANG_WARN_INT_CONVERSION = YES;
				CLANG_WARN_NON_LITERAL_NULL_CONVERSION = YES;
				CLANG_WARN_OBJC_IMPLICIT_RETAIN_SELF = YES;
				CLANG_WARN_OBJC_LITERAL_CONVERSION = YES;
				CLANG_WARN_OBJC_ROOT_CLASS = YES_ERROR;
				CLANG_WARN_QUOTED_INCLUDE_IN_FRAMEWORK_HEADER = YES;
				CLANG_WARN_RANGE_LOOP_ANALYSIS = YES;
				CLANG_WARN_STRICT_PROTOTYPES = YES;
				CLANG_WARN_SUSPICIOUS_MOVE = YES;
				CLANG_WARN_UNGUARDED_AVAILABILITY = YES_AGGRESSIVE;
				CLANG_WARN_UNREACHABLE_CODE = YES;
				CLANG_WARN__DUPLICATE_METHOD_MATCH = YES;
				COPY_PHASE_STRIP = NO;
				DEBUG_INFORMATION_FORMAT = dwarf;
				ENABLE_STRICT_OBJC_MSGSEND = YES;
				ENABLE_TESTABILITY = YES;
				ENABLE_USER_SCRIPT_SANDBOXING = YES;
				GCC_C_LANGUAGE_STANDARD = gnu17;
				GCC_DYNAMIC_NO_PIC = NO;
				GCC_NO_COMMON_BLOCKS = YES;
				GCC_OPTIMIZATION_LEVEL = 0;
				GCC_PREPROCESSOR_DEFINITIONS = (
					"DEBUG=1",
					"$(inherited)",
				);
				GCC_WARN_64_TO_32_BIT_CONVERSION = YES;
				GCC_WARN_ABOUT_RETURN_TYPE = YES_ERROR;
				GCC_WARN_UNDECLARED_SELECTOR = YES;
				GCC_WARN_UNINITIALIZED_AUTOS = YES_AGGRESSIVE;
				GCC_WARN_UNUSED_FUNCTION = YES;
				GCC_WARN_UNUSED_VARIABLE = YES;
				IPHONEOS_DEPLOYMENT_TARGET = 17.5;
				LOCALIZATION_PREFERS_STRING_CATALOGS = YES;
				MTL_ENABLE_DEBUG_INFO = INCLUDE_SOURCE;
				MTL_FAST_MATH = YES;
				ONLY_ACTIVE_ARCH = YES;
				SDKROOT = iphoneos;
				SWIFT_ACTIVE_COMPILATION_CONDITIONS = "DEBUG $(inherited)";
				SWIFT_OPTIMIZATION_LEVEL = "-Onone";
			};
			name = Debug;
		};
		22F5CAC12CFF94CF00EDE9A7 /* Release */ = {
			isa = XCBuildConfiguration;
			buildSettings = {
				ALWAYS_SEARCH_USER_PATHS = NO;
				ASSETCATALOG_COMPILER_GENERATE_SWIFT_ASSET_SYMBOL_EXTENSIONS = YES;
				CLANG_ANALYZER_NONNULL = YES;
				CLANG_ANALYZER_NUMBER_OBJECT_CONVERSION = YES_AGGRESSIVE;
				CLANG_CXX_LANGUAGE_STANDARD = "gnu++20";
				CLANG_ENABLE_MODULES = YES;
				CLANG_ENABLE_OBJC_ARC = YES;
				CLANG_ENABLE_OBJC_WEAK = YES;
				CLANG_WARN_BLOCK_CAPTURE_AUTORELEASING = YES;
				CLANG_WARN_BOOL_CONVERSION = YES;
				CLANG_WARN_COMMA = YES;
				CLANG_WARN_CONSTANT_CONVERSION = YES;
				CLANG_WARN_DEPRECATED_OBJC_IMPLEMENTATIONS = YES;
				CLANG_WARN_DIRECT_OBJC_ISA_USAGE = YES_ERROR;
				CLANG_WARN_DOCUMENTATION_COMMENTS = YES;
				CLANG_WARN_EMPTY_BODY = YES;
				CLANG_WARN_ENUM_CONVERSION = YES;
				CLANG_WARN_INFINITE_RECURSION = YES;
				CLANG_WARN_INT_CONVERSION = YES;
				CLANG_WARN_NON_LITERAL_NULL_CONVERSION = YES;
				CLANG_WARN_OBJC_IMPLICIT_RETAIN_SELF = YES;
				CLANG_WARN_OBJC_LITERAL_CONVERSION = YES;
				CLANG_WARN_OBJC_ROOT_CLASS = YES_ERROR;
				CLANG_WARN_QUOTED_INCLUDE_IN_FRAMEWORK_HEADER = YES;
				CLANG_WARN_RANGE_LOOP_ANALYSIS = YES;
				CLANG_WARN_STRICT_PROTOTYPES = YES;
				CLANG_WARN_SUSPICIOUS_MOVE = YES;
				CLANG_WARN_UNGUARDED_AVAILABILITY = YES_AGGRESSIVE;
				CLANG_WARN_UNREACHABLE_CODE = YES;
				CLANG_WARN__DUPLICATE_METHOD_MATCH = YES;
				COPY_PHASE_STRIP = NO;
				DEBUG_INFORMATION_FORMAT = "dwarf-with-dsym";
				ENABLE_NS_ASSERTIONS = NO;
				ENABLE_STRICT_OBJC_MSGSEND = YES;
				ENABLE_USER_SCRIPT_SANDBOXING = YES;
				GCC_C_LANGUAGE_STANDARD = gnu17;
				GCC_NO_COMMON_BLOCKS = YES;
				GCC_WARN_64_TO_32_BIT_CONVERSION = YES;
				GCC_WARN_ABOUT_RETURN_TYPE = YES_ERROR;
				GCC_WARN_UNDECLARED_SELECTOR = YES;
				GCC_WARN_UNINITIALIZED_AUTOS = YES_AGGRESSIVE;
				GCC_WARN_UNUSED_FUNCTION = YES;
				GCC_WARN_UNUSED_VARIABLE = YES;
				IPHONEOS_DEPLOYMENT_TARGET = 17.5;
				LOCALIZATION_PREFERS_STRING_CATALOGS = YES;
				MTL_ENABLE_DEBUG_INFO = NO;
				MTL_FAST_MATH = YES;
				SDKROOT = iphoneos;
				SWIFT_COMPILATION_MODE = wholemodule;
				VALIDATE_PRODUCT = YES;
			};
			name = Release;
		};
		22F5CAC32CFF94CF00EDE9A7 /* Debug */ = {
			isa = XCBuildConfiguration;
			buildSettings = {
				ASSETCATALOG_COMPILER_APPICON_NAME = AppIcon;
				ASSETCATALOG_COMPILER_GLOBAL_ACCENT_COLOR_NAME = AccentColor;
				CODE_SIGN_STYLE = Automatic;
				CURRENT_PROJECT_VERSION = 1;
				DEVELOPMENT_TEAM = Y37W93KL4R;
				GENERATE_INFOPLIST_FILE = YES;
				INFOPLIST_FILE = CharactersListApp/Info.plist;
				INFOPLIST_KEY_UIApplicationSupportsIndirectInputEvents = YES;
				INFOPLIST_KEY_UILaunchStoryboardName = LaunchScreen;
				INFOPLIST_KEY_UIMainStoryboardFile = Main;
				INFOPLIST_KEY_UISupportedInterfaceOrientations_iPad = "UIInterfaceOrientationPortrait UIInterfaceOrientationPortraitUpsideDown UIInterfaceOrientationLandscapeLeft UIInterfaceOrientationLandscapeRight";
				INFOPLIST_KEY_UISupportedInterfaceOrientations_iPhone = "UIInterfaceOrientationPortrait UIInterfaceOrientationLandscapeLeft UIInterfaceOrientationLandscapeRight";
				LD_RUNPATH_SEARCH_PATHS = (
					"$(inherited)",
					"@executable_path/Frameworks",
				);
				MARKETING_VERSION = 1.0;
				PRODUCT_BUNDLE_IDENTIFIER = com.mai.CharactersListApp;
				PRODUCT_NAME = "$(TARGET_NAME)";
				SWIFT_EMIT_LOC_STRINGS = YES;
				SWIFT_VERSION = 5.0;
				TARGETED_DEVICE_FAMILY = "1,2";
			};
			name = Debug;
		};
		22F5CAC42CFF94CF00EDE9A7 /* Release */ = {
			isa = XCBuildConfiguration;
			buildSettings = {
				ASSETCATALOG_COMPILER_APPICON_NAME = AppIcon;
				ASSETCATALOG_COMPILER_GLOBAL_ACCENT_COLOR_NAME = AccentColor;
				CODE_SIGN_STYLE = Automatic;
				CURRENT_PROJECT_VERSION = 1;
				DEVELOPMENT_TEAM = Y37W93KL4R;
				GENERATE_INFOPLIST_FILE = YES;
				INFOPLIST_FILE = CharactersListApp/Info.plist;
				INFOPLIST_KEY_UIApplicationSupportsIndirectInputEvents = YES;
				INFOPLIST_KEY_UILaunchStoryboardName = LaunchScreen;
				INFOPLIST_KEY_UIMainStoryboardFile = Main;
				INFOPLIST_KEY_UISupportedInterfaceOrientations_iPad = "UIInterfaceOrientationPortrait UIInterfaceOrientationPortraitUpsideDown UIInterfaceOrientationLandscapeLeft UIInterfaceOrientationLandscapeRight";
				INFOPLIST_KEY_UISupportedInterfaceOrientations_iPhone = "UIInterfaceOrientationPortrait UIInterfaceOrientationLandscapeLeft UIInterfaceOrientationLandscapeRight";
				LD_RUNPATH_SEARCH_PATHS = (
					"$(inherited)",
					"@executable_path/Frameworks",
				);
				MARKETING_VERSION = 1.0;
				PRODUCT_BUNDLE_IDENTIFIER = com.mai.CharactersListApp;
				PRODUCT_NAME = "$(TARGET_NAME)";
				SWIFT_EMIT_LOC_STRINGS = YES;
				SWIFT_VERSION = 5.0;
				TARGETED_DEVICE_FAMILY = "1,2";
			};
			name = Release;
		};
		22F5CAC62CFF94CF00EDE9A7 /* Debug */ = {
			isa = XCBuildConfiguration;
			buildSettings = {
				ALWAYS_EMBED_SWIFT_STANDARD_LIBRARIES = YES;
				BUNDLE_LOADER = "$(TEST_HOST)";
				CODE_SIGN_STYLE = Automatic;
				CURRENT_PROJECT_VERSION = 1;
				DEVELOPMENT_TEAM = Y37W93KL4R;
				GENERATE_INFOPLIST_FILE = YES;
				IPHONEOS_DEPLOYMENT_TARGET = 17.5;
				MARKETING_VERSION = 1.0;
				PRODUCT_BUNDLE_IDENTIFIER = com.mai.CharactersListAppTests;
				PRODUCT_NAME = "$(TARGET_NAME)";
				SWIFT_EMIT_LOC_STRINGS = NO;
				SWIFT_VERSION = 5.0;
				TARGETED_DEVICE_FAMILY = "1,2";
				TEST_HOST = "$(BUILT_PRODUCTS_DIR)/CharactersListApp.app/$(BUNDLE_EXECUTABLE_FOLDER_PATH)/CharactersListApp";
			};
			name = Debug;
		};
		22F5CAC72CFF94CF00EDE9A7 /* Release */ = {
			isa = XCBuildConfiguration;
			buildSettings = {
				ALWAYS_EMBED_SWIFT_STANDARD_LIBRARIES = YES;
				BUNDLE_LOADER = "$(TEST_HOST)";
				CODE_SIGN_STYLE = Automatic;
				CURRENT_PROJECT_VERSION = 1;
				DEVELOPMENT_TEAM = Y37W93KL4R;
				GENERATE_INFOPLIST_FILE = YES;
				IPHONEOS_DEPLOYMENT_TARGET = 17.5;
				MARKETING_VERSION = 1.0;
				PRODUCT_BUNDLE_IDENTIFIER = com.mai.CharactersListAppTests;
				PRODUCT_NAME = "$(TARGET_NAME)";
				SWIFT_EMIT_LOC_STRINGS = NO;
				SWIFT_VERSION = 5.0;
				TARGETED_DEVICE_FAMILY = "1,2";
				TEST_HOST = "$(BUILT_PRODUCTS_DIR)/CharactersListApp.app/$(BUNDLE_EXECUTABLE_FOLDER_PATH)/CharactersListApp";
			};
			name = Release;
		};
		22F5CAC92CFF94CF00EDE9A7 /* Debug */ = {
			isa = XCBuildConfiguration;
			buildSettings = {
				ALWAYS_EMBED_SWIFT_STANDARD_LIBRARIES = YES;
				CODE_SIGN_STYLE = Automatic;
				CURRENT_PROJECT_VERSION = 1;
				DEVELOPMENT_TEAM = Y37W93KL4R;
				GENERATE_INFOPLIST_FILE = YES;
				MARKETING_VERSION = 1.0;
				PRODUCT_BUNDLE_IDENTIFIER = com.mai.CharactersListAppUITests;
				PRODUCT_NAME = "$(TARGET_NAME)";
				SWIFT_EMIT_LOC_STRINGS = NO;
				SWIFT_VERSION = 5.0;
				TARGETED_DEVICE_FAMILY = "1,2";
				TEST_TARGET_NAME = CharactersListApp;
			};
			name = Debug;
		};
		22F5CACA2CFF94CF00EDE9A7 /* Release */ = {
			isa = XCBuildConfiguration;
			buildSettings = {
				ALWAYS_EMBED_SWIFT_STANDARD_LIBRARIES = YES;
				CODE_SIGN_STYLE = Automatic;
				CURRENT_PROJECT_VERSION = 1;
				DEVELOPMENT_TEAM = Y37W93KL4R;
				GENERATE_INFOPLIST_FILE = YES;
				MARKETING_VERSION = 1.0;
				PRODUCT_BUNDLE_IDENTIFIER = com.mai.CharactersListAppUITests;
				PRODUCT_NAME = "$(TARGET_NAME)";
				SWIFT_EMIT_LOC_STRINGS = NO;
				SWIFT_VERSION = 5.0;
				TARGETED_DEVICE_FAMILY = "1,2";
				TEST_TARGET_NAME = CharactersListApp;
			};
			name = Release;
		};
/* End XCBuildConfiguration section */

/* Begin XCConfigurationList section */
		22F5CA932CFF94CE00EDE9A7 /* Build configuration list for PBXProject "CharactersListApp" */ = {
			isa = XCConfigurationList;
			buildConfigurations = (
				22F5CAC02CFF94CF00EDE9A7 /* Debug */,
				22F5CAC12CFF94CF00EDE9A7 /* Release */,
			);
			defaultConfigurationIsVisible = 0;
			defaultConfigurationName = Release;
		};
		22F5CAC22CFF94CF00EDE9A7 /* Build configuration list for PBXNativeTarget "CharactersListApp" */ = {
			isa = XCConfigurationList;
			buildConfigurations = (
				22F5CAC32CFF94CF00EDE9A7 /* Debug */,
				22F5CAC42CFF94CF00EDE9A7 /* Release */,
			);
			defaultConfigurationIsVisible = 0;
			defaultConfigurationName = Release;
		};
		22F5CAC52CFF94CF00EDE9A7 /* Build configuration list for PBXNativeTarget "CharactersListAppTests" */ = {
			isa = XCConfigurationList;
			buildConfigurations = (
				22F5CAC62CFF94CF00EDE9A7 /* Debug */,
				22F5CAC72CFF94CF00EDE9A7 /* Release */,
			);
			defaultConfigurationIsVisible = 0;
			defaultConfigurationName = Release;
		};
		22F5CAC82CFF94CF00EDE9A7 /* Build configuration list for PBXNativeTarget "CharactersListAppUITests" */ = {
			isa = XCConfigurationList;
			buildConfigurations = (
				22F5CAC92CFF94CF00EDE9A7 /* Debug */,
				22F5CACA2CFF94CF00EDE9A7 /* Release */,
			);
			defaultConfigurationIsVisible = 0;
			defaultConfigurationName = Release;
		};
/* End XCConfigurationList section */

/* Begin XCRemoteSwiftPackageReference section */
		22721F312CFF992B001F3FF1 /* XCRemoteSwiftPackageReference "Moya" */ = {
			isa = XCRemoteSwiftPackageReference;
			repositoryURL = "https://github.com/Moya/Moya.git";
			requirement = {
				kind = upToNextMajorVersion;
				minimumVersion = 15.0.3;
			};
		};
/* End XCRemoteSwiftPackageReference section */

/* Begin XCSwiftPackageProductDependency section */
		22721F322CFF992B001F3FF1 /* CombineMoya */ = {
			isa = XCSwiftPackageProductDependency;
			package = 22721F312CFF992B001F3FF1 /* XCRemoteSwiftPackageReference "Moya" */;
			productName = CombineMoya;
		};
		22721F342CFF992B001F3FF1 /* Moya */ = {
			isa = XCSwiftPackageProductDependency;
			package = 22721F312CFF992B001F3FF1 /* XCRemoteSwiftPackageReference "Moya" */;
			productName = Moya;
		};
		22721F362CFF992B001F3FF1 /* ReactiveMoya */ = {
			isa = XCSwiftPackageProductDependency;
			package = 22721F312CFF992B001F3FF1 /* XCRemoteSwiftPackageReference "Moya" */;
			productName = ReactiveMoya;
		};
		22721F382CFF992B001F3FF1 /* RxMoya */ = {
			isa = XCSwiftPackageProductDependency;
			package = 22721F312CFF992B001F3FF1 /* XCRemoteSwiftPackageReference "Moya" */;
			productName = RxMoya;
		};
/* End XCSwiftPackageProductDependency section */
	};
	rootObject = 22F5CA902CFF94CE00EDE9A7 /* Project object */;
}
